// !$*UTF8*$!
{
	archiveVersion = 1;
	classes = {
	};
	objectVersion = 56;
	objects = {

/* Begin PBXBuildFile section */
		020463992B7437AF00BF01DB /* XcodePluginLoader.h in Headers */ = {isa = PBXBuildFile; fileRef = 020463982B7437AF00BF01DB /* XcodePluginLoader.h */; };
		0204639B2B7437AF00BF01DB /* XcodePluginLoader.m in Sources */ = {isa = PBXBuildFile; fileRef = 0204639A2B7437AF00BF01DB /* XcodePluginLoader.m */; };
		020463A42B7534C900BF01DB /* main.m in Sources */ = {isa = PBXBuildFile; fileRef = 020463A32B7534C900BF01DB /* main.m */; };
		020463A92B7535A000BF01DB /* ClassLoadObserver.h in Headers */ = {isa = PBXBuildFile; fileRef = 020463A72B7535A000BF01DB /* ClassLoadObserver.h */; };
		020463AA2B7535A000BF01DB /* ClassLoadObserver.m in Sources */ = {isa = PBXBuildFile; fileRef = 020463A82B7535A000BF01DB /* ClassLoadObserver.m */; };
/* End PBXBuildFile section */

/* Begin PBXFileReference section */
		020463952B7437AF00BF01DB /* XcodePluginLoader.dylib */ = {isa = PBXFileReference; explicitFileType = "compiled.mach-o.dylib"; includeInIndex = 0; path = XcodePluginLoader.dylib; sourceTree = BUILT_PRODUCTS_DIR; };
		020463982B7437AF00BF01DB /* XcodePluginLoader.h */ = {isa = PBXFileReference; lastKnownFileType = sourcecode.c.h; path = XcodePluginLoader.h; sourceTree = "<group>"; };
		0204639A2B7437AF00BF01DB /* XcodePluginLoader.m */ = {isa = PBXFileReference; lastKnownFileType = sourcecode.c.objc; path = XcodePluginLoader.m; sourceTree = "<group>"; };
		020463A32B7534C900BF01DB /* main.m */ = {isa = PBXFileReference; lastKnownFileType = sourcecode.c.objc; path = main.m; sourceTree = "<group>"; };
		020463A62B75355700BF01DB /* XcodePlugin.h */ = {isa = PBXFileReference; lastKnownFileType = sourcecode.c.h; path = XcodePlugin.h; sourceTree = "<group>"; };
		020463A72B7535A000BF01DB /* ClassLoadObserver.h */ = {isa = PBXFileReference; lastKnownFileType = sourcecode.c.h; path = ClassLoadObserver.h; sourceTree = "<group>"; };
		020463A82B7535A000BF01DB /* ClassLoadObserver.m */ = {isa = PBXFileReference; lastKnownFileType = sourcecode.c.objc; path = ClassLoadObserver.m; sourceTree = "<group>"; };
		020463AB2B753EF800BF01DB /* DVTPlugInManager.h */ = {isa = PBXFileReference; lastKnownFileType = sourcecode.c.h; path = DVTPlugInManager.h; sourceTree = "<group>"; };
/* End PBXFileReference section */

/* Begin PBXFrameworksBuildPhase section */
		020463932B7437AF00BF01DB /* Frameworks */ = {
			isa = PBXFrameworksBuildPhase;
			buildActionMask = 2147483647;
			files = (
			);
			runOnlyForDeploymentPostprocessing = 0;
		};
/* End PBXFrameworksBuildPhase section */

/* Begin PBXGroup section */
		0204638C2B7437AF00BF01DB = {
			isa = PBXGroup;
			children = (
				020463972B7437AF00BF01DB /* XcodePluginLoader */,
				020463962B7437AF00BF01DB /* Products */,
			);
			sourceTree = "<group>";
		};
		020463962B7437AF00BF01DB /* Products */ = {
			isa = PBXGroup;
			children = (
				020463952B7437AF00BF01DB /* XcodePluginLoader.dylib */,
			);
			name = Products;
			sourceTree = "<group>";
		};
		020463972B7437AF00BF01DB /* XcodePluginLoader */ = {
			isa = PBXGroup;
			children = (
				0285D3B02B86E26D002A563F /* Helpers */,
				020463A52B75354700BF01DB /* XcodeHeaders */,
				020463982B7437AF00BF01DB /* XcodePluginLoader.h */,
				0204639A2B7437AF00BF01DB /* XcodePluginLoader.m */,
				020463A32B7534C900BF01DB /* main.m */,
			);
			path = XcodePluginLoader;
			sourceTree = "<group>";
		};
		020463A52B75354700BF01DB /* XcodeHeaders */ = {
			isa = PBXGroup;
			children = (
				020463AB2B753EF800BF01DB /* DVTPlugInManager.h */,
				020463A62B75355700BF01DB /* XcodePlugin.h */,
			);
			path = XcodeHeaders;
			sourceTree = "<group>";
		};
		0285D3B02B86E26D002A563F /* Helpers */ = {
			isa = PBXGroup;
			children = (
				020463A72B7535A000BF01DB /* ClassLoadObserver.h */,
				020463A82B7535A000BF01DB /* ClassLoadObserver.m */,
			);
			path = Helpers;
			sourceTree = "<group>";
		};
/* End PBXGroup section */

/* Begin PBXHeadersBuildPhase section */
		020463912B7437AF00BF01DB /* Headers */ = {
			isa = PBXHeadersBuildPhase;
			buildActionMask = 2147483647;
			files = (
				020463992B7437AF00BF01DB /* XcodePluginLoader.h in Headers */,
				020463A92B7535A000BF01DB /* ClassLoadObserver.h in Headers */,
			);
			runOnlyForDeploymentPostprocessing = 0;
		};
/* End PBXHeadersBuildPhase section */

/* Begin PBXNativeTarget section */
		020463942B7437AF00BF01DB /* XcodePluginLoader */ = {
			isa = PBXNativeTarget;
			buildConfigurationList = 0204639E2B7437AF00BF01DB /* Build configuration list for PBXNativeTarget "XcodePluginLoader" */;
			buildPhases = (
				020463912B7437AF00BF01DB /* Headers */,
				020463922B7437AF00BF01DB /* Sources */,
				020463932B7437AF00BF01DB /* Frameworks */,
			);
			buildRules = (
			);
			dependencies = (
			);
			name = XcodePluginLoader;
			productName = XcodePluginLoader;
			productReference = 020463952B7437AF00BF01DB /* XcodePluginLoader.dylib */;
			productType = "com.apple.product-type.library.dynamic";
		};
/* End PBXNativeTarget section */

/* Begin PBXProject section */
		0204638D2B7437AF00BF01DB /* Project object */ = {
			isa = PBXProject;
			attributes = {
				BuildIndependentTargetsInParallel = 1;
				LastUpgradeCheck = 1520;
				TargetAttributes = {
					020463942B7437AF00BF01DB = {
						CreatedOnToolsVersion = 15.2;
					};
				};
			};
			buildConfigurationList = 020463902B7437AF00BF01DB /* Build configuration list for PBXProject "XcodePluginLoader" */;
			compatibilityVersion = "Xcode 14.0";
			developmentRegion = en;
			hasScannedForEncodings = 0;
			knownRegions = (
				en,
				Base,
			);
			mainGroup = 0204638C2B7437AF00BF01DB;
			productRefGroup = 020463962B7437AF00BF01DB /* Products */;
			projectDirPath = "";
			projectRoot = "";
			targets = (
				020463942B7437AF00BF01DB /* XcodePluginLoader */,
			);
		};
/* End PBXProject section */

/* Begin PBXSourcesBuildPhase section */
		020463922B7437AF00BF01DB /* Sources */ = {
			isa = PBXSourcesBuildPhase;
			buildActionMask = 2147483647;
			files = (
				020463A42B7534C900BF01DB /* main.m in Sources */,
				0204639B2B7437AF00BF01DB /* XcodePluginLoader.m in Sources */,
				020463AA2B7535A000BF01DB /* ClassLoadObserver.m in Sources */,
			);
			runOnlyForDeploymentPostprocessing = 0;
		};
/* End PBXSourcesBuildPhase section */

/* Begin XCBuildConfiguration section */
		0204639C2B7437AF00BF01DB /* Debug */ = {
			isa = XCBuildConfiguration;
			buildSettings = {
				ALWAYS_SEARCH_USER_PATHS = NO;
				ASSETCATALOG_COMPILER_GENERATE_SWIFT_ASSET_SYMBOL_EXTENSIONS = YES;
				CLANG_ANALYZER_NONNULL = YES;
				CLANG_ANALYZER_NUMBER_OBJECT_CONVERSION = YES_AGGRESSIVE;
				CLANG_CXX_LANGUAGE_STANDARD = "gnu++20";
				CLANG_ENABLE_MODULES = YES;
				CLANG_ENABLE_OBJC_ARC = YES;
				CLANG_ENABLE_OBJC_WEAK = YES;
				CLANG_WARN_BLOCK_CAPTURE_AUTORELEASING = YES;
				CLANG_WARN_BOOL_CONVERSION = YES;
				CLANG_WARN_COMMA = YES;
				CLANG_WARN_CONSTANT_CONVERSION = YES;
				CLANG_WARN_DEPRECATED_OBJC_IMPLEMENTATIONS = YES;
				CLANG_WARN_DIRECT_OBJC_ISA_USAGE = YES_ERROR;
				CLANG_WARN_DOCUMENTATION_COMMENTS = YES;
				CLANG_WARN_EMPTY_BODY = YES;
				CLANG_WARN_ENUM_CONVERSION = YES;
				CLANG_WARN_INFINITE_RECURSION = YES;
				CLANG_WARN_INT_CONVERSION = YES;
				CLANG_WARN_NON_LITERAL_NULL_CONVERSION = YES;
				CLANG_WARN_OBJC_IMPLICIT_RETAIN_SELF = YES;
				CLANG_WARN_OBJC_LITERAL_CONVERSION = YES;
				CLANG_WARN_OBJC_ROOT_CLASS = YES_ERROR;
				CLANG_WARN_QUOTED_INCLUDE_IN_FRAMEWORK_HEADER = YES;
				CLANG_WARN_RANGE_LOOP_ANALYSIS = YES;
				CLANG_WARN_STRICT_PROTOTYPES = YES;
				CLANG_WARN_SUSPICIOUS_MOVE = YES;
				CLANG_WARN_UNGUARDED_AVAILABILITY = YES_AGGRESSIVE;
				CLANG_WARN_UNREACHABLE_CODE = YES;
				CLANG_WARN__DUPLICATE_METHOD_MATCH = YES;
				COPY_PHASE_STRIP = NO;
				DEBUG_INFORMATION_FORMAT = dwarf;
				ENABLE_STRICT_OBJC_MSGSEND = YES;
				ENABLE_TESTABILITY = YES;
				ENABLE_USER_SCRIPT_SANDBOXING = YES;
				GCC_C_LANGUAGE_STANDARD = gnu17;
				GCC_DYNAMIC_NO_PIC = NO;
				GCC_NO_COMMON_BLOCKS = YES;
				GCC_OPTIMIZATION_LEVEL = 0;
				GCC_PREPROCESSOR_DEFINITIONS = (
					"DEBUG=1",
					"$(inherited)",
				);
				GCC_WARN_64_TO_32_BIT_CONVERSION = YES;
				GCC_WARN_ABOUT_RETURN_TYPE = YES_ERROR;
				GCC_WARN_UNDECLARED_SELECTOR = YES;
				GCC_WARN_UNINITIALIZED_AUTOS = YES_AGGRESSIVE;
				GCC_WARN_UNUSED_FUNCTION = YES;
				GCC_WARN_UNUSED_VARIABLE = YES;
				LOCALIZATION_PREFERS_STRING_CATALOGS = YES;
				MACOSX_DEPLOYMENT_TARGET = 14.0;
				MTL_ENABLE_DEBUG_INFO = INCLUDE_SOURCE;
				MTL_FAST_MATH = YES;
				ONLY_ACTIVE_ARCH = YES;
				SDKROOT = macosx;
			};
			name = Debug;
		};
		0204639D2B7437AF00BF01DB /* Release */ = {
			isa = XCBuildConfiguration;
			buildSettings = {
				ALWAYS_SEARCH_USER_PATHS = NO;
				ASSETCATALOG_COMPILER_GENERATE_SWIFT_ASSET_SYMBOL_EXTENSIONS = YES;
				CLANG_ANALYZER_NONNULL = YES;
				CLANG_ANALYZER_NUMBER_OBJECT_CONVERSION = YES_AGGRESSIVE;
				CLANG_CXX_LANGUAGE_STANDARD = "gnu++20";
				CLANG_ENABLE_MODULES = YES;
				CLANG_ENABLE_OBJC_ARC = YES;
				CLANG_ENABLE_OBJC_WEAK = YES;
				CLANG_WARN_BLOCK_CAPTURE_AUTORELEASING = YES;
				CLANG_WARN_BOOL_CONVERSION = YES;
				CLANG_WARN_COMMA = YES;
				CLANG_WARN_CONSTANT_CONVERSION = YES;
				CLANG_WARN_DEPRECATED_OBJC_IMPLEMENTATIONS = YES;
				CLANG_WARN_DIRECT_OBJC_ISA_USAGE = YES_ERROR;
				CLANG_WARN_DOCUMENTATION_COMMENTS = YES;
				CLANG_WARN_EMPTY_BODY = YES;
				CLANG_WARN_ENUM_CONVERSION = YES;
				CLANG_WARN_INFINITE_RECURSION = YES;
				CLANG_WARN_INT_CONVERSION = YES;
				CLANG_WARN_NON_LITERAL_NULL_CONVERSION = YES;
				CLANG_WARN_OBJC_IMPLICIT_RETAIN_SELF = YES;
				CLANG_WARN_OBJC_LITERAL_CONVERSION = YES;
				CLANG_WARN_OBJC_ROOT_CLASS = YES_ERROR;
				CLANG_WARN_QUOTED_INCLUDE_IN_FRAMEWORK_HEADER = YES;
				CLANG_WARN_RANGE_LOOP_ANALYSIS = YES;
				CLANG_WARN_STRICT_PROTOTYPES = YES;
				CLANG_WARN_SUSPICIOUS_MOVE = YES;
				CLANG_WARN_UNGUARDED_AVAILABILITY = YES_AGGRESSIVE;
				CLANG_WARN_UNREACHABLE_CODE = YES;
				CLANG_WARN__DUPLICATE_METHOD_MATCH = YES;
				COPY_PHASE_STRIP = NO;
				DEBUG_INFORMATION_FORMAT = "dwarf-with-dsym";
				ENABLE_NS_ASSERTIONS = NO;
				ENABLE_STRICT_OBJC_MSGSEND = YES;
				ENABLE_USER_SCRIPT_SANDBOXING = YES;
				GCC_C_LANGUAGE_STANDARD = gnu17;
				GCC_NO_COMMON_BLOCKS = YES;
				GCC_WARN_64_TO_32_BIT_CONVERSION = YES;
				GCC_WARN_ABOUT_RETURN_TYPE = YES_ERROR;
				GCC_WARN_UNDECLARED_SELECTOR = YES;
				GCC_WARN_UNINITIALIZED_AUTOS = YES_AGGRESSIVE;
				GCC_WARN_UNUSED_FUNCTION = YES;
				GCC_WARN_UNUSED_VARIABLE = YES;
				LOCALIZATION_PREFERS_STRING_CATALOGS = YES;
				MACOSX_DEPLOYMENT_TARGET = 14.0;
				MTL_ENABLE_DEBUG_INFO = NO;
				MTL_FAST_MATH = YES;
				SDKROOT = macosx;
			};
			name = Release;
		};
		0204639F2B7437AF00BF01DB /* Debug */ = {
			isa = XCBuildConfiguration;
			buildSettings = {
				CODE_SIGN_STYLE = Automatic;
				DEVELOPMENT_TEAM = FGFSR7EX83;
				DYLIB_COMPATIBILITY_VERSION = 1;
				DYLIB_CURRENT_VERSION = 1;
				PRODUCT_NAME = "$(TARGET_NAME)";
				SKIP_INSTALL = YES;
			};
			name = Debug;
		};
		020463A02B7437AF00BF01DB /* Release */ = {
			isa = XCBuildConfiguration;
			buildSettings = {
				CODE_SIGN_STYLE = Automatic;
				DEVELOPMENT_TEAM = FGFSR7EX83;
				DYLIB_COMPATIBILITY_VERSION = 1;
				DYLIB_CURRENT_VERSION = 1;
				PRODUCT_NAME = "$(TARGET_NAME)";
				SKIP_INSTALL = YES;
			};
			name = Release;
		};
/* End XCBuildConfiguration section */

/* Begin XCConfigurationList section */
		020463902B7437AF00BF01DB /* Build configuration list for PBXProject "XcodePluginLoader" */ = {
			isa = XCConfigurationList;
			buildConfigurations = (
				0204639C2B7437AF00BF01DB /* Debug */,
				0204639D2B7437AF00BF01DB /* Release */,
			);
			defaultConfigurationIsVisible = 0;
			defaultConfigurationName = Release;
		};
		0204639E2B7437AF00BF01DB /* Build configuration list for PBXNativeTarget "XcodePluginLoader" */ = {
			isa = XCConfigurationList;
			buildConfigurations = (
				0204639F2B7437AF00BF01DB /* Debug */,
				020463A02B7437AF00BF01DB /* Release */,
			);
			defaultConfigurationIsVisible = 0;
			defaultConfigurationName = Release;
		};
/* End XCConfigurationList section */
	};
	rootObject = 0204638D2B7437AF00BF01DB /* Project object */;
}
